// !$*UTF8*$!
{
	archiveVersion = 1;
	classes = {
	};
	objectVersion = 55;
	objects = {

/* Begin PBXBuildFile section */
		023790CD2A6B6BF10072846F /* List.txt in Resources */ = {isa = PBXBuildFile; fileRef = 023790CC2A6B6BF10072846F /* List.txt */; };
		023790CF2A745F570072846F /* ClassPostCell.swift in Sources */ = {isa = PBXBuildFile; fileRef = 023790CE2A745F570072846F /* ClassPostCell.swift */; };
		023790D12A7467EF0072846F /* ReplyCell.swift in Sources */ = {isa = PBXBuildFile; fileRef = 023790D02A7467EF0072846F /* ReplyCell.swift */; };
		023790D32A83D1CC0072846F /* ReportSheet.swift in Sources */ = {isa = PBXBuildFile; fileRef = 023790D22A83D1CC0072846F /* ReportSheet.swift */; };
		023B24A42A5A50780082910A /* FirebaseManagerProtocol.swift in Sources */ = {isa = PBXBuildFile; fileRef = 023B24A32A5A50780082910A /* FirebaseManagerProtocol.swift */; };
		023C29F92883A9210045904F /* UserDataAcquisition.swift in Sources */ = {isa = PBXBuildFile; fileRef = 023C29F82883A9200045904F /* UserDataAcquisition.swift */; };
		023C29FB2883A9670045904F /* CreateUserPofile.swift in Sources */ = {isa = PBXBuildFile; fileRef = 023C29FA2883A9670045904F /* CreateUserPofile.swift */; };
		023C2A0528B1B7180045904F /* UserProfileModel.swift in Sources */ = {isa = PBXBuildFile; fileRef = 023C2A0428B1B7180045904F /* UserProfileModel.swift */; };
		0257795B2A6B1CA700829886 /* OnboardingTabView.swift in Sources */ = {isa = PBXBuildFile; fileRef = 0257795A2A6B1CA700829886 /* OnboardingTabView.swift */; };
		02618F672A1C508A00885900 /* FirebaseAnalytics in Frameworks */ = {isa = PBXBuildFile; productRef = 02618F662A1C508A00885900 /* FirebaseAnalytics */; };
		02618F692A1C509F00885900 /* FirebaseMessaging in Frameworks */ = {isa = PBXBuildFile; productRef = 02618F682A1C509F00885900 /* FirebaseMessaging */; };
		02618F6B2A1C50B800885900 /* FirebaseDatabaseSwift in Frameworks */ = {isa = PBXBuildFile; productRef = 02618F6A2A1C50B800885900 /* FirebaseDatabaseSwift */; };
		02618F6D2A1C50C100885900 /* FirebaseAnalyticsSwift in Frameworks */ = {isa = PBXBuildFile; productRef = 02618F6C2A1C50C100885900 /* FirebaseAnalyticsSwift */; };
		02618F6F2A1C50CA00885900 /* FirebaseStorage in Frameworks */ = {isa = PBXBuildFile; productRef = 02618F6E2A1C50CA00885900 /* FirebaseStorage */; };
		02618F712A1C50D700885900 /* FirebaseRemoteConfigSwift in Frameworks */ = {isa = PBXBuildFile; productRef = 02618F702A1C50D700885900 /* FirebaseRemoteConfigSwift */; };
		02618F732A1C50F100885900 /* FirebaseAppCheck in Frameworks */ = {isa = PBXBuildFile; productRef = 02618F722A1C50F100885900 /* FirebaseAppCheck */; };
		02618F752A1C510300885900 /* FirebaseCrashlytics in Frameworks */ = {isa = PBXBuildFile; productRef = 02618F742A1C510300885900 /* FirebaseCrashlytics */; };
		02618F772A1C510A00885900 /* FirebaseAuth in Frameworks */ = {isa = PBXBuildFile; productRef = 02618F762A1C510A00885900 /* FirebaseAuth */; };
		02618F792A1C511100885900 /* FirebaseFirestore in Frameworks */ = {isa = PBXBuildFile; productRef = 02618F782A1C511100885900 /* FirebaseFirestore */; };
		02618F7B2A1C511A00885900 /* FirebaseAuthCombine-Community in Frameworks */ = {isa = PBXBuildFile; productRef = 02618F7A2A1C511A00885900 /* FirebaseAuthCombine-Community */; };
		0263CB452A2EC4BA004E40D7 /* SettingsView.swift in Sources */ = {isa = PBXBuildFile; fileRef = 0263CB442A2EC4BA004E40D7 /* SettingsView.swift */; };
		0263CB472A2EC4DF004E40D7 /* EditProfileView.swift in Sources */ = {isa = PBXBuildFile; fileRef = 0263CB462A2EC4DF004E40D7 /* EditProfileView.swift */; };
		0263CB492A2EC5C9004E40D7 /* DetailView.swift in Sources */ = {isa = PBXBuildFile; fileRef = 0263CB482A2EC5C9004E40D7 /* DetailView.swift */; };
		0263CB9C2A322E0E004E40D7 /* KeyboardObserving in Frameworks */ = {isa = PBXBuildFile; productRef = 0263CB9B2A322E0E004E40D7 /* KeyboardObserving */; };
		027196852A0F06FE006FAD50 /* AccountActions.swift in Sources */ = {isa = PBXBuildFile; fileRef = 027196842A0F06FE006FAD50 /* AccountActions.swift */; };
		027196872A15AEF0006FAD50 /* AddPostView.swift in Sources */ = {isa = PBXBuildFile; fileRef = 027196862A15AEF0006FAD50 /* AddPostView.swift */; };
		028283AB2A26A66C0029DE7E /* FireStoreManager.swift in Sources */ = {isa = PBXBuildFile; fileRef = 028283AA2A26A66C0029DE7E /* FireStoreManager.swift */; };
		028283AE2A27F87B0029DE7E /* Kingfisher in Frameworks */ = {isa = PBXBuildFile; productRef = 028283AD2A27F87B0029DE7E /* Kingfisher */; };
		02943B2229526CF000DB7DF6 /* UserProfileView.swift in Sources */ = {isa = PBXBuildFile; fileRef = 02943B2129526CEF00DB7DF6 /* UserProfileView.swift */; };
		02943BF0295398FB00DB7DF6 /* ProfilePictureAcquisition.swift in Sources */ = {isa = PBXBuildFile; fileRef = 02943BEF295398FB00DB7DF6 /* ProfilePictureAcquisition.swift */; };
		02943C2B2953AB6900DB7DF6 /* ImagePicker.swift in Sources */ = {isa = PBXBuildFile; fileRef = 02943C2A2953AB6900DB7DF6 /* ImagePicker.swift */; };
		02943C2D29664CED00DB7DF6 /* OnboardingDatabaseManger.swift in Sources */ = {isa = PBXBuildFile; fileRef = 02943C2C29664CEC00DB7DF6 /* OnboardingDatabaseManger.swift */; };
		02943C34296E2B3D00DB7DF6 /* Constants.swift in Sources */ = {isa = PBXBuildFile; fileRef = 02943C33296E2B3D00DB7DF6 /* Constants.swift */; };
		02943C892972299600DB7DF6 /* ClassPostsView.swift in Sources */ = {isa = PBXBuildFile; fileRef = 02943C882972299600DB7DF6 /* ClassPostsView.swift */; };
		02943C8D2972320400DB7DF6 /* ClassPosts.swift in Sources */ = {isa = PBXBuildFile; fileRef = 02943C8C2972320400DB7DF6 /* ClassPosts.swift */; };
		02947E682879F727005133D5 /* NightOutApp.swift in Sources */ = {isa = PBXBuildFile; fileRef = 02947E672879F727005133D5 /* NightOutApp.swift */; };
		02947E6A2879F727005133D5 /* LoginView.swift in Sources */ = {isa = PBXBuildFile; fileRef = 02947E692879F727005133D5 /* LoginView.swift */; };
		02947E6C2879F72A005133D5 /* Assets.xcassets in Resources */ = {isa = PBXBuildFile; fileRef = 02947E6B2879F72A005133D5 /* Assets.xcassets */; };
		02947E6F2879F72A005133D5 /* Preview Assets.xcassets in Resources */ = {isa = PBXBuildFile; fileRef = 02947E6E2879F72A005133D5 /* Preview Assets.xcassets */; };
		02947E7C28834581005133D5 /* GoogleService-Info.plist in Resources */ = {isa = PBXBuildFile; fileRef = 02947E7B28834581005133D5 /* GoogleService-Info.plist */; };
		02C593552A2D6D7A00A79E28 /* InAppViewModel.swift in Sources */ = {isa = PBXBuildFile; fileRef = 02C593542A2D6D7A00A79E28 /* InAppViewModel.swift */; };
		02C6779D2A8AE4D4002FE86E /* BlockedUsersListView.swift in Sources */ = {isa = PBXBuildFile; fileRef = 02C6779C2A8AE4D4002FE86E /* BlockedUsersListView.swift */; };
		02C6779F2A8C39F0002FE86E /* UserToBlock.swift in Sources */ = {isa = PBXBuildFile; fileRef = 02C6779E2A8C39F0002FE86E /* UserToBlock.swift */; };
		02D7C15C29BBE1AA002F8223 /* InAppView.swift in Sources */ = {isa = PBXBuildFile; fileRef = 02D7C15B29BBE1AA002F8223 /* InAppView.swift */; };
		02E731722A65FBB0001BD522 /* Reply.swift in Sources */ = {isa = PBXBuildFile; fileRef = 02E731712A65FBB0001BD522 /* Reply.swift */; };
		02E8C3692A1FB1850028BACD /* OnboardingViewModel.swift in Sources */ = {isa = PBXBuildFile; fileRef = 02E8C3682A1FB1850028BACD /* OnboardingViewModel.swift */; };
/* End PBXBuildFile section */

/* Begin PBXFileReference section */
		023790CC2A6B6BF10072846F /* List.txt */ = {isa = PBXFileReference; fileEncoding = 4; lastKnownFileType = text; path = List.txt; sourceTree = "<group>"; };
		023790CE2A745F570072846F /* ClassPostCell.swift */ = {isa = PBXFileReference; lastKnownFileType = sourcecode.swift; path = ClassPostCell.swift; sourceTree = "<group>"; };
		023790D02A7467EF0072846F /* ReplyCell.swift */ = {isa = PBXFileReference; lastKnownFileType = sourcecode.swift; path = ReplyCell.swift; sourceTree = "<group>"; };
		023790D22A83D1CC0072846F /* ReportSheet.swift */ = {isa = PBXFileReference; lastKnownFileType = sourcecode.swift; path = ReportSheet.swift; sourceTree = "<group>"; };
		023B24A32A5A50780082910A /* FirebaseManagerProtocol.swift */ = {isa = PBXFileReference; lastKnownFileType = sourcecode.swift; path = FirebaseManagerProtocol.swift; sourceTree = "<group>"; };
		023C29F82883A9200045904F /* UserDataAcquisition.swift */ = {isa = PBXFileReference; lastKnownFileType = sourcecode.swift; path = UserDataAcquisition.swift; sourceTree = "<group>"; };
		023C29FA2883A9670045904F /* CreateUserPofile.swift */ = {isa = PBXFileReference; lastKnownFileType = sourcecode.swift; path = CreateUserPofile.swift; sourceTree = "<group>"; };
		023C2A0428B1B7180045904F /* UserProfileModel.swift */ = {isa = PBXFileReference; lastKnownFileType = sourcecode.swift; path = UserProfileModel.swift; sourceTree = "<group>"; };
		0257795A2A6B1CA700829886 /* OnboardingTabView.swift */ = {isa = PBXFileReference; lastKnownFileType = sourcecode.swift; path = OnboardingTabView.swift; sourceTree = "<group>"; };
		0263CB442A2EC4BA004E40D7 /* SettingsView.swift */ = {isa = PBXFileReference; lastKnownFileType = sourcecode.swift; path = SettingsView.swift; sourceTree = "<group>"; };
		0263CB462A2EC4DF004E40D7 /* EditProfileView.swift */ = {isa = PBXFileReference; lastKnownFileType = sourcecode.swift; path = EditProfileView.swift; sourceTree = "<group>"; };
		0263CB482A2EC5C9004E40D7 /* DetailView.swift */ = {isa = PBXFileReference; lastKnownFileType = sourcecode.swift; path = DetailView.swift; sourceTree = "<group>"; };
		027196842A0F06FE006FAD50 /* AccountActions.swift */ = {isa = PBXFileReference; lastKnownFileType = sourcecode.swift; path = AccountActions.swift; sourceTree = "<group>"; };
		027196862A15AEF0006FAD50 /* AddPostView.swift */ = {isa = PBXFileReference; lastKnownFileType = sourcecode.swift; path = AddPostView.swift; sourceTree = "<group>"; };
		028283AA2A26A66C0029DE7E /* FireStoreManager.swift */ = {isa = PBXFileReference; lastKnownFileType = sourcecode.swift; path = FireStoreManager.swift; sourceTree = "<group>"; };
		02943B2129526CEF00DB7DF6 /* UserProfileView.swift */ = {isa = PBXFileReference; lastKnownFileType = sourcecode.swift; path = UserProfileView.swift; sourceTree = "<group>"; };
		02943BEF295398FB00DB7DF6 /* ProfilePictureAcquisition.swift */ = {isa = PBXFileReference; lastKnownFileType = sourcecode.swift; path = ProfilePictureAcquisition.swift; sourceTree = "<group>"; };
		02943C2A2953AB6900DB7DF6 /* ImagePicker.swift */ = {isa = PBXFileReference; lastKnownFileType = sourcecode.swift; path = ImagePicker.swift; sourceTree = "<group>"; };
		02943C2C29664CEC00DB7DF6 /* OnboardingDatabaseManger.swift */ = {isa = PBXFileReference; lastKnownFileType = sourcecode.swift; path = OnboardingDatabaseManger.swift; sourceTree = "<group>"; };
		02943C33296E2B3D00DB7DF6 /* Constants.swift */ = {isa = PBXFileReference; lastKnownFileType = sourcecode.swift; path = Constants.swift; sourceTree = "<group>"; };
		02943C882972299600DB7DF6 /* ClassPostsView.swift */ = {isa = PBXFileReference; lastKnownFileType = sourcecode.swift; path = ClassPostsView.swift; sourceTree = "<group>"; };
		02943C8C2972320400DB7DF6 /* ClassPosts.swift */ = {isa = PBXFileReference; lastKnownFileType = sourcecode.swift; path = ClassPosts.swift; sourceTree = "<group>"; };
		02947E642879F727005133D5 /* Campus Clique.app */ = {isa = PBXFileReference; explicitFileType = wrapper.application; includeInIndex = 0; path = "Campus Clique.app"; sourceTree = BUILT_PRODUCTS_DIR; };
		02947E672879F727005133D5 /* NightOutApp.swift */ = {isa = PBXFileReference; lastKnownFileType = sourcecode.swift; path = NightOutApp.swift; sourceTree = "<group>"; };
		02947E692879F727005133D5 /* LoginView.swift */ = {isa = PBXFileReference; lastKnownFileType = sourcecode.swift; path = LoginView.swift; sourceTree = "<group>"; };
		02947E6B2879F72A005133D5 /* Assets.xcassets */ = {isa = PBXFileReference; lastKnownFileType = folder.assetcatalog; path = Assets.xcassets; sourceTree = "<group>"; };
		02947E6E2879F72A005133D5 /* Preview Assets.xcassets */ = {isa = PBXFileReference; lastKnownFileType = folder.assetcatalog; path = "Preview Assets.xcassets"; sourceTree = "<group>"; };
		02947E7A28834509005133D5 /* Info.plist */ = {isa = PBXFileReference; lastKnownFileType = text.plist; path = Info.plist; sourceTree = "<group>"; };
		02947E7B28834581005133D5 /* GoogleService-Info.plist */ = {isa = PBXFileReference; fileEncoding = 4; lastKnownFileType = text.plist.xml; path = "GoogleService-Info.plist"; sourceTree = "<group>"; };
		02C593542A2D6D7A00A79E28 /* InAppViewModel.swift */ = {isa = PBXFileReference; lastKnownFileType = sourcecode.swift; path = InAppViewModel.swift; sourceTree = "<group>"; };
		02C6779C2A8AE4D4002FE86E /* BlockedUsersListView.swift */ = {isa = PBXFileReference; lastKnownFileType = sourcecode.swift; path = BlockedUsersListView.swift; sourceTree = "<group>"; };
		02C6779E2A8C39F0002FE86E /* UserToBlock.swift */ = {isa = PBXFileReference; lastKnownFileType = sourcecode.swift; path = UserToBlock.swift; sourceTree = "<group>"; };
		02D7C15B29BBE1AA002F8223 /* InAppView.swift */ = {isa = PBXFileReference; lastKnownFileType = sourcecode.swift; path = InAppView.swift; sourceTree = "<group>"; };
		02E731712A65FBB0001BD522 /* Reply.swift */ = {isa = PBXFileReference; lastKnownFileType = sourcecode.swift; path = Reply.swift; sourceTree = "<group>"; };
		02E731732A6A018F001BD522 /* Campus Clique.entitlements */ = {isa = PBXFileReference; lastKnownFileType = text.plist.entitlements; path = "Campus Clique.entitlements"; sourceTree = "<group>"; };
		02E8C3682A1FB1850028BACD /* OnboardingViewModel.swift */ = {isa = PBXFileReference; lastKnownFileType = sourcecode.swift; path = OnboardingViewModel.swift; sourceTree = "<group>"; };
/* End PBXFileReference section */

/* Begin PBXFrameworksBuildPhase section */
		02947E612879F727005133D5 /* Frameworks */ = {
			isa = PBXFrameworksBuildPhase;
			buildActionMask = 2147483647;
			files = (
				028283AE2A27F87B0029DE7E /* Kingfisher in Frameworks */,
				02618F6D2A1C50C100885900 /* FirebaseAnalyticsSwift in Frameworks */,
				02618F6B2A1C50B800885900 /* FirebaseDatabaseSwift in Frameworks */,
				0263CB9C2A322E0E004E40D7 /* KeyboardObserving in Frameworks */,
				02618F692A1C509F00885900 /* FirebaseMessaging in Frameworks */,
				02618F792A1C511100885900 /* FirebaseFirestore in Frameworks */,
				02618F712A1C50D700885900 /* FirebaseRemoteConfigSwift in Frameworks */,
				02618F772A1C510A00885900 /* FirebaseAuth in Frameworks */,
				02618F7B2A1C511A00885900 /* FirebaseAuthCombine-Community in Frameworks */,
				02618F732A1C50F100885900 /* FirebaseAppCheck in Frameworks */,
				02618F752A1C510300885900 /* FirebaseCrashlytics in Frameworks */,
				02618F6F2A1C50CA00885900 /* FirebaseStorage in Frameworks */,
				02618F672A1C508A00885900 /* FirebaseAnalytics in Frameworks */,
			);
			runOnlyForDeploymentPostprocessing = 0;
		};
/* End PBXFrameworksBuildPhase section */

/* Begin PBXGroup section */
		023C29F72883A8C40045904F /* Views */ = {
			isa = PBXGroup;
			children = (
				02D7C15B29BBE1AA002F8223 /* InAppView.swift */,
				02C593542A2D6D7A00A79E28 /* InAppViewModel.swift */,
			);
			path = Views;
			sourceTree = "<group>";
		};
		028283A92A2522620029DE7E /* Manager */ = {
			isa = PBXGroup;
			children = (
				028283AA2A26A66C0029DE7E /* FireStoreManager.swift */,
				023B24A32A5A50780082910A /* FirebaseManagerProtocol.swift */,
			);
			path = Manager;
			sourceTree = "<group>";
		};
		02943B1B294E600F00DB7DF6 /* Onboarding Views */ = {
			isa = PBXGroup;
			children = (
				02943BEF295398FB00DB7DF6 /* ProfilePictureAcquisition.swift */,
				02947E692879F727005133D5 /* LoginView.swift */,
				023C29FA2883A9670045904F /* CreateUserPofile.swift */,
				023C29F82883A9200045904F /* UserDataAcquisition.swift */,
				0257795A2A6B1CA700829886 /* OnboardingTabView.swift */,
			);
			path = "Onboarding Views";
			sourceTree = "<group>";
		};
		02943C292953AB3F00DB7DF6 /* ImagePicker */ = {
			isa = PBXGroup;
			children = (
				02943C2A2953AB6900DB7DF6 /* ImagePicker.swift */,
			);
			path = ImagePicker;
			sourceTree = "<group>";
		};
		02943C32296E0A2F00DB7DF6 /* Onboarding */ = {
			isa = PBXGroup;
			children = (
				02E8C36B2A1FB20B0028BACD /* DatabaseManager */,
				02E8C36A2A1FB1FC0028BACD /* ViewModel */,
				02943B1B294E600F00DB7DF6 /* Onboarding Views */,
			);
			path = Onboarding;
			sourceTree = "<group>";
		};
		02943C35296E2F7E00DB7DF6 /* UserProfile */ = {
			isa = PBXGroup;
			children = (
				023C2A0428B1B7180045904F /* UserProfileModel.swift */,
				02943B2129526CEF00DB7DF6 /* UserProfileView.swift */,
				0263CB442A2EC4BA004E40D7 /* SettingsView.swift */,
				0263CB462A2EC4DF004E40D7 /* EditProfileView.swift */,
				02C6779C2A8AE4D4002FE86E /* BlockedUsersListView.swift */,
			);
			path = UserProfile;
			sourceTree = "<group>";
		};
		02943C47296F801D00DB7DF6 /* Frameworks */ = {
			isa = PBXGroup;
			children = (
			);
			name = Frameworks;
			sourceTree = "<group>";
		};
		02943C86297228A100DB7DF6 /* ClassPosts */ = {
			isa = PBXGroup;
			children = (
				02E8C3632A1EEC130028BACD /* Views */,
				02E8C3622A1EEBFA0028BACD /* Models */,
				02C6779E2A8C39F0002FE86E /* UserToBlock.swift */,
			);
			path = ClassPosts;
			sourceTree = "<group>";
		};
		02947E5B2879F727005133D5 = {
			isa = PBXGroup;
			children = (
				023790CC2A6B6BF10072846F /* List.txt */,
				02E731732A6A018F001BD522 /* Campus Clique.entitlements */,
				02947E662879F727005133D5 /* NightOut */,
				02947E7B28834581005133D5 /* GoogleService-Info.plist */,
				02947E652879F727005133D5 /* Products */,
				02943C47296F801D00DB7DF6 /* Frameworks */,
			);
			sourceTree = "<group>";
		};
		02947E652879F727005133D5 /* Products */ = {
			isa = PBXGroup;
			children = (
				02947E642879F727005133D5 /* Campus Clique.app */,
			);
			name = Products;
			sourceTree = "<group>";
		};
		02947E662879F727005133D5 /* NightOut */ = {
			isa = PBXGroup;
			children = (
				027196842A0F06FE006FAD50 /* AccountActions.swift */,
				02943C35296E2F7E00DB7DF6 /* UserProfile */,
				02943C32296E0A2F00DB7DF6 /* Onboarding */,
				02947E7A28834509005133D5 /* Info.plist */,
				02943C292953AB3F00DB7DF6 /* ImagePicker */,
				02947E672879F727005133D5 /* NightOutApp.swift */,
				023C29F72883A8C40045904F /* Views */,
				02947E6B2879F72A005133D5 /* Assets.xcassets */,
				02947E6D2879F72A005133D5 /* Preview Content */,
				02943C33296E2B3D00DB7DF6 /* Constants.swift */,
				02943C86297228A100DB7DF6 /* ClassPosts */,
				028283A92A2522620029DE7E /* Manager */,
			);
			path = NightOut;
			sourceTree = "<group>";
		};
		02947E6D2879F72A005133D5 /* Preview Content */ = {
			isa = PBXGroup;
			children = (
				02947E6E2879F72A005133D5 /* Preview Assets.xcassets */,
			);
			path = "Preview Content";
			sourceTree = "<group>";
		};
		02E8C3622A1EEBFA0028BACD /* Models */ = {
			isa = PBXGroup;
			children = (
				02943C8C2972320400DB7DF6 /* ClassPosts.swift */,
				02E731712A65FBB0001BD522 /* Reply.swift */,
			);
			path = Models;
			sourceTree = "<group>";
		};
		02E8C3632A1EEC130028BACD /* Views */ = {
			isa = PBXGroup;
			children = (
				02943C882972299600DB7DF6 /* ClassPostsView.swift */,
				027196862A15AEF0006FAD50 /* AddPostView.swift */,
				0263CB482A2EC5C9004E40D7 /* DetailView.swift */,
				023790CE2A745F570072846F /* ClassPostCell.swift */,
				023790D02A7467EF0072846F /* ReplyCell.swift */,
				023790D22A83D1CC0072846F /* ReportSheet.swift */,
			);
			path = Views;
			sourceTree = "<group>";
		};
		02E8C36A2A1FB1FC0028BACD /* ViewModel */ = {
			isa = PBXGroup;
			children = (
				02E8C3682A1FB1850028BACD /* OnboardingViewModel.swift */,
			);
			path = ViewModel;
			sourceTree = "<group>";
		};
		02E8C36B2A1FB20B0028BACD /* DatabaseManager */ = {
			isa = PBXGroup;
			children = (
				02943C2C29664CEC00DB7DF6 /* OnboardingDatabaseManger.swift */,
			);
			path = DatabaseManager;
			sourceTree = "<group>";
		};
/* End PBXGroup section */

/* Begin PBXNativeTarget section */
		02947E632879F727005133D5 /* Campus Clique */ = {
			isa = PBXNativeTarget;
			buildConfigurationList = 02947E722879F72A005133D5 /* Build configuration list for PBXNativeTarget "Campus Clique" */;
			buildPhases = (
				02947E602879F727005133D5 /* Sources */,
				02947E612879F727005133D5 /* Frameworks */,
				02947E622879F727005133D5 /* Resources */,
			);
			buildRules = (
			);
			dependencies = (
			);
			name = "Campus Clique";
			packageProductDependencies = (
				02618F662A1C508A00885900 /* FirebaseAnalytics */,
				02618F682A1C509F00885900 /* FirebaseMessaging */,
				02618F6A2A1C50B800885900 /* FirebaseDatabaseSwift */,
				02618F6C2A1C50C100885900 /* FirebaseAnalyticsSwift */,
				02618F6E2A1C50CA00885900 /* FirebaseStorage */,
				02618F702A1C50D700885900 /* FirebaseRemoteConfigSwift */,
				02618F722A1C50F100885900 /* FirebaseAppCheck */,
				02618F742A1C510300885900 /* FirebaseCrashlytics */,
				02618F762A1C510A00885900 /* FirebaseAuth */,
				02618F782A1C511100885900 /* FirebaseFirestore */,
				02618F7A2A1C511A00885900 /* FirebaseAuthCombine-Community */,
				028283AD2A27F87B0029DE7E /* Kingfisher */,
				0263CB9B2A322E0E004E40D7 /* KeyboardObserving */,
			);
			productName = NightOut;
			productReference = 02947E642879F727005133D5 /* Campus Clique.app */;
			productType = "com.apple.product-type.application";
		};
/* End PBXNativeTarget section */

/* Begin PBXProject section */
		02947E5C2879F727005133D5 /* Project object */ = {
			isa = PBXProject;
			attributes = {
				BuildIndependentTargetsInParallel = 1;
				LastSwiftUpdateCheck = 1430;
				LastUpgradeCheck = 1340;
				TargetAttributes = {
					02947E632879F727005133D5 = {
						CreatedOnToolsVersion = 13.4.1;
					};
				};
			};
			buildConfigurationList = 02947E5F2879F727005133D5 /* Build configuration list for PBXProject "Campus Clique" */;
			compatibilityVersion = "Xcode 13.0";
			developmentRegion = en;
			hasScannedForEncodings = 0;
			knownRegions = (
				en,
				Base,
			);
			mainGroup = 02947E5B2879F727005133D5;
			packageReferences = (
				02947E7D288348C9005133D5 /* XCRemoteSwiftPackageReference "firebase-ios-sdk" */,
				023C29FE28AFF3DC0045904F /* XCRemoteSwiftPackageReference "firebase-ios-sdk" */,
				028283AC2A27F87B0029DE7E /* XCRemoteSwiftPackageReference "Kingfisher" */,
				0263CB9A2A322E0D004E40D7 /* XCRemoteSwiftPackageReference "KeyboardObserving" */,
			);
			productRefGroup = 02947E652879F727005133D5 /* Products */;
			projectDirPath = "";
			projectRoot = "";
			targets = (
				02947E632879F727005133D5 /* Campus Clique */,
			);
		};
/* End PBXProject section */

/* Begin PBXResourcesBuildPhase section */
		02947E622879F727005133D5 /* Resources */ = {
			isa = PBXResourcesBuildPhase;
			buildActionMask = 2147483647;
			files = (
				02947E6F2879F72A005133D5 /* Preview Assets.xcassets in Resources */,
				02947E6C2879F72A005133D5 /* Assets.xcassets in Resources */,
				023790CD2A6B6BF10072846F /* List.txt in Resources */,
				02947E7C28834581005133D5 /* GoogleService-Info.plist in Resources */,
			);
			runOnlyForDeploymentPostprocessing = 0;
		};
/* End PBXResourcesBuildPhase section */

/* Begin PBXSourcesBuildPhase section */
		02947E602879F727005133D5 /* Sources */ = {
			isa = PBXSourcesBuildPhase;
			buildActionMask = 2147483647;
			files = (
				02E8C3692A1FB1850028BACD /* OnboardingViewModel.swift in Sources */,
				0263CB452A2EC4BA004E40D7 /* SettingsView.swift in Sources */,
				0263CB472A2EC4DF004E40D7 /* EditProfileView.swift in Sources */,
				023790CF2A745F570072846F /* ClassPostCell.swift in Sources */,
				02943BF0295398FB00DB7DF6 /* ProfilePictureAcquisition.swift in Sources */,
				02D7C15C29BBE1AA002F8223 /* InAppView.swift in Sources */,
				027196852A0F06FE006FAD50 /* AccountActions.swift in Sources */,
				02943C2B2953AB6900DB7DF6 /* ImagePicker.swift in Sources */,
				023C29FB2883A9670045904F /* CreateUserPofile.swift in Sources */,
				0263CB492A2EC5C9004E40D7 /* DetailView.swift in Sources */,
				02C593552A2D6D7A00A79E28 /* InAppViewModel.swift in Sources */,
				023790D32A83D1CC0072846F /* ReportSheet.swift in Sources */,
				023C2A0528B1B7180045904F /* UserProfileModel.swift in Sources */,
				02943C892972299600DB7DF6 /* ClassPostsView.swift in Sources */,
				02943C2D29664CED00DB7DF6 /* OnboardingDatabaseManger.swift in Sources */,
				028283AB2A26A66C0029DE7E /* FireStoreManager.swift in Sources */,
				023C29F92883A9210045904F /* UserDataAcquisition.swift in Sources */,
				0257795B2A6B1CA700829886 /* OnboardingTabView.swift in Sources */,
				02C6779D2A8AE4D4002FE86E /* BlockedUsersListView.swift in Sources */,
				02943C8D2972320400DB7DF6 /* ClassPosts.swift in Sources */,
				02943B2229526CF000DB7DF6 /* UserProfileView.swift in Sources */,
				02947E6A2879F727005133D5 /* LoginView.swift in Sources */,
				02E731722A65FBB0001BD522 /* Reply.swift in Sources */,
				02943C34296E2B3D00DB7DF6 /* Constants.swift in Sources */,
				02947E682879F727005133D5 /* NightOutApp.swift in Sources */,
				027196872A15AEF0006FAD50 /* AddPostView.swift in Sources */,
				023790D12A7467EF0072846F /* ReplyCell.swift in Sources */,
				02C6779F2A8C39F0002FE86E /* UserToBlock.swift in Sources */,
				023B24A42A5A50780082910A /* FirebaseManagerProtocol.swift in Sources */,
			);
			runOnlyForDeploymentPostprocessing = 0;
		};
/* End PBXSourcesBuildPhase section */

/* Begin XCBuildConfiguration section */
		0237906B2A6B4EDC0072846F /* FireStoreManagerTests */ = {
			isa = XCBuildConfiguration;
			buildSettings = {
				ALWAYS_SEARCH_USER_PATHS = NO;
				CLANG_ANALYZER_NONNULL = YES;
				CLANG_ANALYZER_NUMBER_OBJECT_CONVERSION = YES_AGGRESSIVE;
				CLANG_CXX_LANGUAGE_STANDARD = "gnu++17";
				CLANG_ENABLE_MODULES = YES;
				CLANG_ENABLE_OBJC_ARC = YES;
				CLANG_ENABLE_OBJC_WEAK = YES;
				CLANG_WARN_BLOCK_CAPTURE_AUTORELEASING = YES;
				CLANG_WARN_BOOL_CONVERSION = YES;
				CLANG_WARN_COMMA = YES;
				CLANG_WARN_CONSTANT_CONVERSION = YES;
				CLANG_WARN_DEPRECATED_OBJC_IMPLEMENTATIONS = YES;
				CLANG_WARN_DIRECT_OBJC_ISA_USAGE = YES_ERROR;
				CLANG_WARN_DOCUMENTATION_COMMENTS = YES;
				CLANG_WARN_EMPTY_BODY = YES;
				CLANG_WARN_ENUM_CONVERSION = YES;
				CLANG_WARN_INFINITE_RECURSION = YES;
				CLANG_WARN_INT_CONVERSION = YES;
				CLANG_WARN_NON_LITERAL_NULL_CONVERSION = YES;
				CLANG_WARN_OBJC_IMPLICIT_RETAIN_SELF = YES;
				CLANG_WARN_OBJC_LITERAL_CONVERSION = YES;
				CLANG_WARN_OBJC_ROOT_CLASS = YES_ERROR;
				CLANG_WARN_QUOTED_INCLUDE_IN_FRAMEWORK_HEADER = YES;
				CLANG_WARN_RANGE_LOOP_ANALYSIS = YES;
				CLANG_WARN_STRICT_PROTOTYPES = YES;
				CLANG_WARN_SUSPICIOUS_MOVE = YES;
				CLANG_WARN_UNGUARDED_AVAILABILITY = YES_AGGRESSIVE;
				CLANG_WARN_UNREACHABLE_CODE = YES;
				CLANG_WARN__DUPLICATE_METHOD_MATCH = YES;
				COPY_PHASE_STRIP = NO;
				DEBUG_INFORMATION_FORMAT = dwarf;
				ENABLE_STRICT_OBJC_MSGSEND = YES;
				ENABLE_TESTABILITY = YES;
				GCC_C_LANGUAGE_STANDARD = gnu11;
				GCC_DYNAMIC_NO_PIC = NO;
				GCC_NO_COMMON_BLOCKS = YES;
				GCC_OPTIMIZATION_LEVEL = 0;
				GCC_PREPROCESSOR_DEFINITIONS = (
					"DEBUG=1",
					"$(inherited)",
				);
				GCC_WARN_64_TO_32_BIT_CONVERSION = YES;
				GCC_WARN_ABOUT_RETURN_TYPE = YES_ERROR;
				GCC_WARN_UNDECLARED_SELECTOR = YES;
				GCC_WARN_UNINITIALIZED_AUTOS = YES_AGGRESSIVE;
				GCC_WARN_UNUSED_FUNCTION = YES;
				GCC_WARN_UNUSED_VARIABLE = YES;
				IPHONEOS_DEPLOYMENT_TARGET = 16.0;
				MTL_ENABLE_DEBUG_INFO = INCLUDE_SOURCE;
				MTL_FAST_MATH = YES;
				ONLY_ACTIVE_ARCH = YES;
				PRODUCT_NAME = "Campus Clique";
				SDKROOT = iphoneos;
				SWIFT_ACTIVE_COMPILATION_CONDITIONS = DEBUG;
				SWIFT_OPTIMIZATION_LEVEL = "-Onone";
			};
			name = FireStoreManagerTests;
		};
		0237906C2A6B4EDC0072846F /* FireStoreManagerTests */ = {
			isa = XCBuildConfiguration;
			buildSettings = {
				ASSETCATALOG_COMPILER_APPICON_NAME = AppIcon;
				ASSETCATALOG_COMPILER_GLOBAL_ACCENT_COLOR_NAME = AccentColor;
				CODE_SIGN_ENTITLEMENTS = "Campus Clique.entitlements";
				CODE_SIGN_IDENTITY = "Apple Development";
				CODE_SIGN_STYLE = Automatic;
				CURRENT_PROJECT_VERSION = 1;
				DEVELOPMENT_ASSET_PATHS = "\"NightOut/Preview Content\"";
				DEVELOPMENT_TEAM = 54C5LRJ7S7;
				ENABLE_PREVIEWS = YES;
				GENERATE_INFOPLIST_FILE = YES;
				INFOPLIST_FILE = NightOut/Info.plist;
				INFOPLIST_KEY_LSApplicationCategoryType = "public.app-category.social-networking";
				INFOPLIST_KEY_NSFileProviderDomainUsageDescription = "Please Allow NightOut the ability to access your camera roll";
				INFOPLIST_KEY_NSPhotoLibraryUsageDescription = "Campus Clique wants to access your camera roll so that you can add a profile picture to you account.";
				INFOPLIST_KEY_UIApplicationSceneManifest_Generation = YES;
				INFOPLIST_KEY_UIApplicationSupportsIndirectInputEvents = YES;
				INFOPLIST_KEY_UILaunchScreen_Generation = YES;
				INFOPLIST_KEY_UIStatusBarStyle = "";
				INFOPLIST_KEY_UISupportedInterfaceOrientations = UIInterfaceOrientationPortrait;
				LD_RUNPATH_SEARCH_PATHS = (
					"$(inherited)",
					"@executable_path/Frameworks",
				);
				MARKETING_VERSION = 1.0;
				PRODUCT_BUNDLE_IDENTIFIER = com.KyleZeller.NightOut;
				PRODUCT_NAME = "$(TARGET_NAME)";
				PROVISIONING_PROFILE_SPECIFIER = "";
				SUPPORTED_PLATFORMS = "iphoneos iphonesimulator";
				SUPPORTS_MACCATALYST = NO;
				SUPPORTS_MAC_DESIGNED_FOR_IPHONE_IPAD = NO;
				SWIFT_EMIT_LOC_STRINGS = YES;
				SWIFT_VERSION = 5.0;
				TARGETED_DEVICE_FAMILY = 1;
			};
			name = FireStoreManagerTests;
		};
		02947E702879F72A005133D5 /* Debug */ = {
			isa = XCBuildConfiguration;
			buildSettings = {
				ALWAYS_SEARCH_USER_PATHS = NO;
				CLANG_ANALYZER_NONNULL = YES;
				CLANG_ANALYZER_NUMBER_OBJECT_CONVERSION = YES_AGGRESSIVE;
				CLANG_CXX_LANGUAGE_STANDARD = "gnu++17";
				CLANG_ENABLE_MODULES = YES;
				CLANG_ENABLE_OBJC_ARC = YES;
				CLANG_ENABLE_OBJC_WEAK = YES;
				CLANG_WARN_BLOCK_CAPTURE_AUTORELEASING = YES;
				CLANG_WARN_BOOL_CONVERSION = YES;
				CLANG_WARN_COMMA = YES;
				CLANG_WARN_CONSTANT_CONVERSION = YES;
				CLANG_WARN_DEPRECATED_OBJC_IMPLEMENTATIONS = YES;
				CLANG_WARN_DIRECT_OBJC_ISA_USAGE = YES_ERROR;
				CLANG_WARN_DOCUMENTATION_COMMENTS = YES;
				CLANG_WARN_EMPTY_BODY = YES;
				CLANG_WARN_ENUM_CONVERSION = YES;
				CLANG_WARN_INFINITE_RECURSION = YES;
				CLANG_WARN_INT_CONVERSION = YES;
				CLANG_WARN_NON_LITERAL_NULL_CONVERSION = YES;
				CLANG_WARN_OBJC_IMPLICIT_RETAIN_SELF = YES;
				CLANG_WARN_OBJC_LITERAL_CONVERSION = YES;
				CLANG_WARN_OBJC_ROOT_CLASS = YES_ERROR;
				CLANG_WARN_QUOTED_INCLUDE_IN_FRAMEWORK_HEADER = YES;
				CLANG_WARN_RANGE_LOOP_ANALYSIS = YES;
				CLANG_WARN_STRICT_PROTOTYPES = YES;
				CLANG_WARN_SUSPICIOUS_MOVE = YES;
				CLANG_WARN_UNGUARDED_AVAILABILITY = YES_AGGRESSIVE;
				CLANG_WARN_UNREACHABLE_CODE = YES;
				CLANG_WARN__DUPLICATE_METHOD_MATCH = YES;
				COPY_PHASE_STRIP = NO;
				DEBUG_INFORMATION_FORMAT = dwarf;
				ENABLE_STRICT_OBJC_MSGSEND = YES;
				ENABLE_TESTABILITY = YES;
				GCC_C_LANGUAGE_STANDARD = gnu11;
				GCC_DYNAMIC_NO_PIC = NO;
				GCC_NO_COMMON_BLOCKS = YES;
				GCC_OPTIMIZATION_LEVEL = 0;
				GCC_PREPROCESSOR_DEFINITIONS = (
					"DEBUG=1",
					"$(inherited)",
				);
				GCC_WARN_64_TO_32_BIT_CONVERSION = YES;
				GCC_WARN_ABOUT_RETURN_TYPE = YES_ERROR;
				GCC_WARN_UNDECLARED_SELECTOR = YES;
				GCC_WARN_UNINITIALIZED_AUTOS = YES_AGGRESSIVE;
				GCC_WARN_UNUSED_FUNCTION = YES;
				GCC_WARN_UNUSED_VARIABLE = YES;
				IPHONEOS_DEPLOYMENT_TARGET = 16.0;
				MTL_ENABLE_DEBUG_INFO = INCLUDE_SOURCE;
				MTL_FAST_MATH = YES;
				ONLY_ACTIVE_ARCH = YES;
				PRODUCT_NAME = "Campus Clique";
				SDKROOT = iphoneos;
				SWIFT_ACTIVE_COMPILATION_CONDITIONS = DEBUG;
				SWIFT_OPTIMIZATION_LEVEL = "-Onone";
			};
			name = Debug;
		};
		02947E712879F72A005133D5 /* Release */ = {
			isa = XCBuildConfiguration;
			buildSettings = {
				ALWAYS_SEARCH_USER_PATHS = NO;
				CLANG_ANALYZER_NONNULL = YES;
				CLANG_ANALYZER_NUMBER_OBJECT_CONVERSION = YES_AGGRESSIVE;
				CLANG_CXX_LANGUAGE_STANDARD = "gnu++17";
				CLANG_ENABLE_MODULES = YES;
				CLANG_ENABLE_OBJC_ARC = YES;
				CLANG_ENABLE_OBJC_WEAK = YES;
				CLANG_WARN_BLOCK_CAPTURE_AUTORELEASING = YES;
				CLANG_WARN_BOOL_CONVERSION = YES;
				CLANG_WARN_COMMA = YES;
				CLANG_WARN_CONSTANT_CONVERSION = YES;
				CLANG_WARN_DEPRECATED_OBJC_IMPLEMENTATIONS = YES;
				CLANG_WARN_DIRECT_OBJC_ISA_USAGE = YES_ERROR;
				CLANG_WARN_DOCUMENTATION_COMMENTS = YES;
				CLANG_WARN_EMPTY_BODY = YES;
				CLANG_WARN_ENUM_CONVERSION = YES;
				CLANG_WARN_INFINITE_RECURSION = YES;
				CLANG_WARN_INT_CONVERSION = YES;
				CLANG_WARN_NON_LITERAL_NULL_CONVERSION = YES;
				CLANG_WARN_OBJC_IMPLICIT_RETAIN_SELF = YES;
				CLANG_WARN_OBJC_LITERAL_CONVERSION = YES;
				CLANG_WARN_OBJC_ROOT_CLASS = YES_ERROR;
				CLANG_WARN_QUOTED_INCLUDE_IN_FRAMEWORK_HEADER = YES;
				CLANG_WARN_RANGE_LOOP_ANALYSIS = YES;
				CLANG_WARN_STRICT_PROTOTYPES = YES;
				CLANG_WARN_SUSPICIOUS_MOVE = YES;
				CLANG_WARN_UNGUARDED_AVAILABILITY = YES_AGGRESSIVE;
				CLANG_WARN_UNREACHABLE_CODE = YES;
				CLANG_WARN__DUPLICATE_METHOD_MATCH = YES;
				COPY_PHASE_STRIP = NO;
				DEBUG_INFORMATION_FORMAT = "dwarf-with-dsym";
				ENABLE_NS_ASSERTIONS = NO;
				ENABLE_STRICT_OBJC_MSGSEND = YES;
				GCC_C_LANGUAGE_STANDARD = gnu11;
				GCC_NO_COMMON_BLOCKS = YES;
				GCC_WARN_64_TO_32_BIT_CONVERSION = YES;
				GCC_WARN_ABOUT_RETURN_TYPE = YES_ERROR;
				GCC_WARN_UNDECLARED_SELECTOR = YES;
				GCC_WARN_UNINITIALIZED_AUTOS = YES_AGGRESSIVE;
				GCC_WARN_UNUSED_FUNCTION = YES;
				GCC_WARN_UNUSED_VARIABLE = YES;
				IPHONEOS_DEPLOYMENT_TARGET = 16.0;
				MTL_ENABLE_DEBUG_INFO = NO;
				MTL_FAST_MATH = YES;
				PRODUCT_NAME = "Campus Clique";
				SDKROOT = iphoneos;
				SWIFT_COMPILATION_MODE = wholemodule;
				SWIFT_OPTIMIZATION_LEVEL = "-O";
				VALIDATE_PRODUCT = YES;
			};
			name = Release;
		};
		02947E732879F72A005133D5 /* Debug */ = {
			isa = XCBuildConfiguration;
			buildSettings = {
				ASSETCATALOG_COMPILER_APPICON_NAME = AppIcon;
				ASSETCATALOG_COMPILER_GLOBAL_ACCENT_COLOR_NAME = AccentColor;
				CODE_SIGN_ENTITLEMENTS = "Campus Clique.entitlements";
				CODE_SIGN_IDENTITY = "Apple Development";
				CODE_SIGN_STYLE = Automatic;
				CURRENT_PROJECT_VERSION = 1;
				DEVELOPMENT_ASSET_PATHS = "\"NightOut/Preview Content\"";
				DEVELOPMENT_TEAM = 54C5LRJ7S7;
				ENABLE_PREVIEWS = YES;
				GENERATE_INFOPLIST_FILE = YES;
				INFOPLIST_FILE = NightOut/Info.plist;
				INFOPLIST_KEY_LSApplicationCategoryType = "public.app-category.social-networking";
				INFOPLIST_KEY_NSFileProviderDomainUsageDescription = "Please Allow NightOut the ability to access your camera roll";
				INFOPLIST_KEY_NSPhotoLibraryUsageDescription = "Campus Clique wants to access your camera roll so that you can add a profile picture to you account.";
				INFOPLIST_KEY_UIApplicationSceneManifest_Generation = YES;
				INFOPLIST_KEY_UIApplicationSupportsIndirectInputEvents = YES;
				INFOPLIST_KEY_UILaunchScreen_Generation = YES;
				INFOPLIST_KEY_UIStatusBarStyle = "";
				INFOPLIST_KEY_UISupportedInterfaceOrientations = UIInterfaceOrientationPortrait;
				LD_RUNPATH_SEARCH_PATHS = (
					"$(inherited)",
					"@executable_path/Frameworks",
				);
				MARKETING_VERSION = 1.0;
				PRODUCT_BUNDLE_IDENTIFIER = com.KyleZeller.NightOut;
				PRODUCT_NAME = "$(TARGET_NAME)";
				PROVISIONING_PROFILE_SPECIFIER = "";
				SUPPORTED_PLATFORMS = "iphoneos iphonesimulator";
				SUPPORTS_MACCATALYST = NO;
				SUPPORTS_MAC_DESIGNED_FOR_IPHONE_IPAD = NO;
				SWIFT_EMIT_LOC_STRINGS = YES;
				SWIFT_VERSION = 5.0;
				TARGETED_DEVICE_FAMILY = 1;
			};
			name = Debug;
		};
		02947E742879F72A005133D5 /* Release */ = {
			isa = XCBuildConfiguration;
			buildSettings = {
				ASSETCATALOG_COMPILER_APPICON_NAME = AppIcon;
				ASSETCATALOG_COMPILER_GLOBAL_ACCENT_COLOR_NAME = AccentColor;
				CODE_SIGN_ENTITLEMENTS = "Campus Clique.entitlements";
				CODE_SIGN_IDENTITY = "Apple Development";
				CODE_SIGN_STYLE = Automatic;
				CURRENT_PROJECT_VERSION = 1;
				DEVELOPMENT_ASSET_PATHS = "\"NightOut/Preview Content\"";
				DEVELOPMENT_TEAM = 54C5LRJ7S7;
				ENABLE_PREVIEWS = YES;
				GENERATE_INFOPLIST_FILE = YES;
				INFOPLIST_FILE = NightOut/Info.plist;
				INFOPLIST_KEY_LSApplicationCategoryType = "public.app-category.social-networking";
				INFOPLIST_KEY_NSFileProviderDomainUsageDescription = "Please Allow NightOut the ability to access your camera roll";
				INFOPLIST_KEY_NSPhotoLibraryUsageDescription = "Campus Clique wants to access your camera roll so that you can add a profile picture to you account.";
				INFOPLIST_KEY_UIApplicationSceneManifest_Generation = YES;
				INFOPLIST_KEY_UIApplicationSupportsIndirectInputEvents = YES;
				INFOPLIST_KEY_UILaunchScreen_Generation = YES;
				INFOPLIST_KEY_UIStatusBarStyle = "";
				INFOPLIST_KEY_UISupportedInterfaceOrientations = UIInterfaceOrientationPortrait;
				LD_RUNPATH_SEARCH_PATHS = (
					"$(inherited)",
					"@executable_path/Frameworks",
				);
				MARKETING_VERSION = 1.0;
				PRODUCT_BUNDLE_IDENTIFIER = com.KyleZeller.NightOut;
				PRODUCT_NAME = "$(TARGET_NAME)";
				PROVISIONING_PROFILE_SPECIFIER = "";
				SUPPORTED_PLATFORMS = "iphoneos iphonesimulator";
				SUPPORTS_MACCATALYST = NO;
				SUPPORTS_MAC_DESIGNED_FOR_IPHONE_IPAD = NO;
				SWIFT_EMIT_LOC_STRINGS = YES;
				SWIFT_VERSION = 5.0;
				TARGETED_DEVICE_FAMILY = 1;
			};
			name = Release;
		};
/* End XCBuildConfiguration section */

/* Begin XCConfigurationList section */
		02947E5F2879F727005133D5 /* Build configuration list for PBXProject "Campus Clique" */ = {
			isa = XCConfigurationList;
			buildConfigurations = (
				02947E702879F72A005133D5 /* Debug */,
				0237906B2A6B4EDC0072846F /* FireStoreManagerTests */,
				02947E712879F72A005133D5 /* Release */,
			);
			defaultConfigurationIsVisible = 0;
			defaultConfigurationName = Release;
		};
		02947E722879F72A005133D5 /* Build configuration list for PBXNativeTarget "Campus Clique" */ = {
			isa = XCConfigurationList;
			buildConfigurations = (
				02947E732879F72A005133D5 /* Debug */,
				0237906C2A6B4EDC0072846F /* FireStoreManagerTests */,
				02947E742879F72A005133D5 /* Release */,
			);
			defaultConfigurationIsVisible = 0;
			defaultConfigurationName = Release;
		};
/* End XCConfigurationList section */

/* Begin XCRemoteSwiftPackageReference section */
		023C29FE28AFF3DC0045904F /* XCRemoteSwiftPackageReference "firebase-ios-sdk" */ = {
			isa = XCRemoteSwiftPackageReference;
			repositoryURL = "https://github.com/firebase/firebase-ios-sdk";
			requirement = {
				branch = master;
				kind = branch;
			};
		};
		0263CB9A2A322E0D004E40D7 /* XCRemoteSwiftPackageReference "KeyboardObserving" */ = {
			isa = XCRemoteSwiftPackageReference;
			repositoryURL = "https://github.com/nickffox/KeyboardObserving.git";
			requirement = {
				branch = master;
				kind = branch;
			};
		};
		028283AC2A27F87B0029DE7E /* XCRemoteSwiftPackageReference "Kingfisher" */ = {
			isa = XCRemoteSwiftPackageReference;
			repositoryURL = "https://github.com/onevcat/Kingfisher.git";
			requirement = {
				kind = upToNextMajorVersion;
				minimumVersion = 7.0.0;
			};
		};
		02947E7D288348C9005133D5 /* XCRemoteSwiftPackageReference "firebase-ios-sdk" */ = {
			isa = XCRemoteSwiftPackageReference;
			repositoryURL = "https://github.com/firebase/firebase-ios-sdk";
			requirement = {
				kind = upToNextMajorVersion;
				minimumVersion = 9.0.0;
			};
		};
/* End XCRemoteSwiftPackageReference section */

/* Begin XCSwiftPackageProductDependency section */
		02618F662A1C508A00885900 /* FirebaseAnalytics */ = {
			isa = XCSwiftPackageProductDependency;
			package = 02947E7D288348C9005133D5 /* XCRemoteSwiftPackageReference "firebase-ios-sdk" */;
			productName = FirebaseAnalytics;
		};
		02618F682A1C509F00885900 /* FirebaseMessaging */ = {
			isa = XCSwiftPackageProductDependency;
			package = 02947E7D288348C9005133D5 /* XCRemoteSwiftPackageReference "firebase-ios-sdk" */;
			productName = FirebaseMessaging;
		};
		02618F6A2A1C50B800885900 /* FirebaseDatabaseSwift */ = {
			isa = XCSwiftPackageProductDependency;
			package = 02947E7D288348C9005133D5 /* XCRemoteSwiftPackageReference "firebase-ios-sdk" */;
			productName = FirebaseDatabaseSwift;
		};
		02618F6C2A1C50C100885900 /* FirebaseAnalyticsSwift */ = {
			isa = XCSwiftPackageProductDependency;
			package = 02947E7D288348C9005133D5 /* XCRemoteSwiftPackageReference "firebase-ios-sdk" */;
			productName = FirebaseAnalyticsSwift;
		};
		02618F6E2A1C50CA00885900 /* FirebaseStorage */ = {
			isa = XCSwiftPackageProductDependency;
			package = 02947E7D288348C9005133D5 /* XCRemoteSwiftPackageReference "firebase-ios-sdk" */;
			productName = FirebaseStorage;
		};
		02618F702A1C50D700885900 /* FirebaseRemoteConfigSwift */ = {
			isa = XCSwiftPackageProductDependency;
			package = 02947E7D288348C9005133D5 /* XCRemoteSwiftPackageReference "firebase-ios-sdk" */;
			productName = FirebaseRemoteConfigSwift;
		};
		02618F722A1C50F100885900 /* FirebaseAppCheck */ = {
			isa = XCSwiftPackageProductDependency;
			package = 02947E7D288348C9005133D5 /* XCRemoteSwiftPackageReference "firebase-ios-sdk" */;
			productName = FirebaseAppCheck;
		};
		02618F742A1C510300885900 /* FirebaseCrashlytics */ = {
			isa = XCSwiftPackageProductDependency;
			package = 02947E7D288348C9005133D5 /* XCRemoteSwiftPackageReference "firebase-ios-sdk" */;
			productName = FirebaseCrashlytics;
		};
		02618F762A1C510A00885900 /* FirebaseAuth */ = {
			isa = XCSwiftPackageProductDependency;
			package = 02947E7D288348C9005133D5 /* XCRemoteSwiftPackageReference "firebase-ios-sdk" */;
			productName = FirebaseAuth;
		};
		02618F782A1C511100885900 /* FirebaseFirestore */ = {
			isa = XCSwiftPackageProductDependency;
			package = 02947E7D288348C9005133D5 /* XCRemoteSwiftPackageReference "firebase-ios-sdk" */;
			productName = FirebaseFirestore;
		};
		02618F7A2A1C511A00885900 /* FirebaseAuthCombine-Community */ = {
			isa = XCSwiftPackageProductDependency;
			package = 02947E7D288348C9005133D5 /* XCRemoteSwiftPackageReference "firebase-ios-sdk" */;
			productName = "FirebaseAuthCombine-Community";
		};
		0263CB9B2A322E0E004E40D7 /* KeyboardObserving */ = {
			isa = XCSwiftPackageProductDependency;
			package = 0263CB9A2A322E0D004E40D7 /* XCRemoteSwiftPackageReference "KeyboardObserving" */;
			productName = KeyboardObserving;
		};
		028283AD2A27F87B0029DE7E /* Kingfisher */ = {
			isa = XCSwiftPackageProductDependency;
			package = 028283AC2A27F87B0029DE7E /* XCRemoteSwiftPackageReference "Kingfisher" */;
			productName = Kingfisher;
		};
/* End XCSwiftPackageProductDependency section */
	};
	rootObject = 02947E5C2879F727005133D5 /* Project object */;
}
